
Microsoft Visual Studio Solution File, Format Version 12.00
# Visual Studio Version 16
VisualStudioVersion = 16.0.31702.278
MinimumVisualStudioVersion = 10.0.40219.1
Project("{FAE04EC0-301F-11D3-BF4B-00C04F79EFBC}") = "MAdminAuth", "MAdminAuth\MAdminAuth.csproj", "{15E9BD76-F0F2-4BC0-B7F0-AFF07B9D2EB4}"
EndProject
Global
	GlobalSection(SolutionConfigurationPlatforms) = preSolution
		Debug|Any CPU = Debug|Any CPU
		Release|Any CPU = Release|Any CPU
	EndGlobalSection
	GlobalSection(ProjectConfigurationPlatforms) = postSolution
		{15E9BD76-F0F2-4BC0-B7F0-AFF07B9D2EB4}.Debug|Any CPU.ActiveCfg = Debug|Any CPU
		{15E9BD76-F0F2-4BC0-B7F0-AFF07B9D2EB4}.Debug|Any CPU.Build.0 = Debug|Any CPU
		{15E9BD76-F0F2-4BC0-B7F0-AFF07B9D2EB4}.Release|Any CPU.ActiveCfg = Release|Any CPU
		{15E9BD76-F0F2-4BC0-B7F0-AFF07B9D2EB4}.Release|Any CPU.Build.0 = Release|Any CPU
	EndGlobalSection
	GlobalSection(SolutionProperties) = preSolution
		HideSolutionNode = FALSE
	EndGlobalSection
	GlobalSection(ExtensibilityGlobals) = postSolution
		SolutionGuid = {7F9485DB-DF8B-437B-885F-88C63B41D388}
	EndGlobalSection
EndGlobal
