
Microsoft Visual Studio Solution File, Format Version 12.00
# Visual Studio Version 16
VisualStudioVersion = 16.0.31702.278
MinimumVisualStudioVersion = 10.0.40219.1
Project("{FAE04EC0-301F-11D3-BF4B-00C04F79EFBC}") = "Shorting", "Shorting\Shorting.csproj", "{DA450A49-D1D4-42DA-911A-29CB22B864E8}"
EndProject
Global
	GlobalSection(SolutionConfigurationPlatforms) = preSolution
		Debug|Any CPU = Debug|Any CPU
		Release|Any CPU = Release|Any CPU
	EndGlobalSection
	GlobalSection(ProjectConfigurationPlatforms) = postSolution
		{DA450A49-D1D4-42DA-911A-29CB22B864E8}.Debug|Any CPU.ActiveCfg = Debug|Any CPU
		{DA450A49-D1D4-42DA-911A-29CB22B864E8}.Debug|Any CPU.Build.0 = Debug|Any CPU
		{DA450A49-D1D4-42DA-911A-29CB22B864E8}.Release|Any CPU.ActiveCfg = Release|Any CPU
		{DA450A49-D1D4-42DA-911A-29CB22B864E8}.Release|Any CPU.Build.0 = Release|Any CPU
	EndGlobalSection
	GlobalSection(SolutionProperties) = preSolution
		HideSolutionNode = FALSE
	EndGlobalSection
	GlobalSection(ExtensibilityGlobals) = postSolution
		SolutionGuid = {513CC44D-8EF0-4238-ABCB-6AB8F9619758}
	EndGlobalSection
EndGlobal
