
Microsoft Visual Studio Solution File, Format Version 12.00
# Visual Studio Version 16
VisualStudioVersion = 16.0.31702.278
MinimumVisualStudioVersion = 10.0.40219.1
Project("{FAE04EC0-301F-11D3-BF4B-00C04F79EFBC}") = "Ex-03", "Ex-03\Ex-03.csproj", "{BA7547F1-DCFD-4865-994B-C1C033718DCF}"
EndProject
Global
	GlobalSection(SolutionConfigurationPlatforms) = preSolution
		Debug|Any CPU = Debug|Any CPU
		Release|Any CPU = Release|Any CPU
	EndGlobalSection
	GlobalSection(ProjectConfigurationPlatforms) = postSolution
		{BA7547F1-DCFD-4865-994B-C1C033718DCF}.Debug|Any CPU.ActiveCfg = Debug|Any CPU
		{BA7547F1-DCFD-4865-994B-C1C033718DCF}.Debug|Any CPU.Build.0 = Debug|Any CPU
		{BA7547F1-DCFD-4865-994B-C1C033718DCF}.Release|Any CPU.ActiveCfg = Release|Any CPU
		{BA7547F1-DCFD-4865-994B-C1C033718DCF}.Release|Any CPU.Build.0 = Release|Any CPU
	EndGlobalSection
	GlobalSection(SolutionProperties) = preSolution
		HideSolutionNode = FALSE
	EndGlobalSection
	GlobalSection(ExtensibilityGlobals) = postSolution
		SolutionGuid = {F8809F3A-9DF7-4E58-81F8-57E2D58EC45B}
	EndGlobalSection
EndGlobal
